{
  "name": "bootstrapintro",
  "version": "1.0.0",
  "lockfileVersion": 2,
  "requires": true,
  "packages": {
    "": {
      "name": "bootstrapintro",
      "version": "1.0.0",
      "license": "ISC",
      "dependencies": {
        "@fortawesome/fontawesome-free": "^5.15.4",
        "@ommu/animated-headline": "^1.0.0",
        "bootstrap": "^3.4.1",
        "bootstrap-icons": "^1.5.0",
        "font-awesome-animation": "^1.1.1",
        "jquery": "^3.6.0"
      }
    },
    "node_modules/@fortawesome/fontawesome-free": {
      "version": "5.15.4",
      "resolved": "https://registry.npmjs.org/@fortawesome/fontawesome-free/-/fontawesome-free-5.15.4.tgz",
      "integrity": "sha512-eYm8vijH/hpzr/6/1CJ/V/Eb1xQFW2nnUKArb3z+yUWv7HTwj6M7SP957oMjfZjAHU6qpoNc2wQvIxBLWYa/Jg==",
      "hasInstallScript": true,
      "engines": {
        "node": ">=6"
      }
    },
    "node_modules/@ommu/animated-headline": {
      "version": "1.0.0",
      "resolved": "https://registry.npmjs.org/@ommu/animated-headline/-/animated-headline-1.0.0.tgz",
      "integrity": "sha512-PsuYCcBYjbsp7tPjByUxvEdJ6aCEK1auJHm/xdPtTf76kFQJ6E7fLNnrbrD85geFTC+w1/9x6Z+ouISy4VuPxw=="
    },
    "node_modules/bootstrap": {
      "version": "3.4.1",
      "resolved": "https://registry.npmjs.org/bootstrap/-/bootstrap-3.4.1.tgz",
      "integrity": "sha512-yN5oZVmRCwe5aKwzRj6736nSmKDX7pLYwsXiCj/EYmo16hODaBiT4En5btW/jhBF/seV+XMx3aYwukYC3A49DA==",
      "engines": {
        "node": ">=6"
      }
    },
    "node_modules/bootstrap-icons": {
      "version": "1.5.0",
      "resolved": "https://registry.npmjs.org/bootstrap-icons/-/bootstrap-icons-1.5.0.tgz",
      "integrity": "sha512-44feMc7DE1Ccpsas/1wioN8ewFJNquvi5FewA06wLnqct7CwMdGDVy41ieHaacogzDqLfG8nADIvMNp9e4bfbA==",
      "engines": {
        "node": ">=10"
      }
    },
    "node_modules/font-awesome-animation": {
      "version": "1.1.1",
      "resolved": "https://registry.npmjs.org/font-awesome-animation/-/font-awesome-animation-1.1.1.tgz",
      "integrity": "sha512-WHl4zhyb0LeqT+v2JClv5yNZ+63e2Mbbu+9ycL3FGVHtZA8zn4iaMBxA6AgcJySLlfdjuTEA0lBZBW2CE1cwpQ==",
      "engines": {
        "node": ">=12.0.0"
      }
    },
    "node_modules/jquery": {
      "version": "3.6.0",
      "resolved": "https://registry.npmjs.org/jquery/-/jquery-3.6.0.tgz",
      "integrity": "sha512-JVzAR/AjBvVt2BmYhxRCSYysDsPcssdmTFnzyLEts9qNwmjmu4JTAMYubEfwVOSwpQ1I1sKKFcxhZCI2buerfw=="
    }
  },
  "dependencies": {
    "@fortawesome/fontawesome-free": {
      "version": "5.15.4",
      "resolved": "https://registry.npmjs.org/@fortawesome/fontawesome-free/-/fontawesome-free-5.15.4.tgz",
      "integrity": "sha512-eYm8vijH/hpzr/6/1CJ/V/Eb1xQFW2nnUKArb3z+yUWv7HTwj6M7SP957oMjfZjAHU6qpoNc2wQvIxBLWYa/Jg=="
    },
    "@ommu/animated-headline": {
      "version": "1.0.0",
      "resolved": "https://registry.npmjs.org/@ommu/animated-headline/-/animated-headline-1.0.0.tgz",
      "integrity": "sha512-PsuYCcBYjbsp7tPjByUxvEdJ6aCEK1auJHm/xdPtTf76kFQJ6E7fLNnrbrD85geFTC+w1/9x6Z+ouISy4VuPxw=="
    },
    "bootstrap": {
      "version": "3.4.1",
      "resolved": "https://registry.npmjs.org/bootstrap/-/bootstrap-3.4.1.tgz",
      "integrity": "sha512-yN5oZVmRCwe5aKwzRj6736nSmKDX7pLYwsXiCj/EYmo16hODaBiT4En5btW/jhBF/seV+XMx3aYwukYC3A49DA=="
    },
    "bootstrap-icons": {
      "version": "1.5.0",
      "resolved": "https://registry.npmjs.org/bootstrap-icons/-/bootstrap-icons-1.5.0.tgz",
      "integrity": "sha512-44feMc7DE1Ccpsas/1wioN8ewFJNquvi5FewA06wLnqct7CwMdGDVy41ieHaacogzDqLfG8nADIvMNp9e4bfbA=="
    },
    "font-awesome-animation": {
      "version": "1.1.1",
      "resolved": "https://registry.npmjs.org/font-awesome-animation/-/font-awesome-animation-1.1.1.tgz",
      "integrity": "sha512-WHl4zhyb0LeqT+v2JClv5yNZ+63e2Mbbu+9ycL3FGVHtZA8zn4iaMBxA6AgcJySLlfdjuTEA0lBZBW2CE1cwpQ=="
    },
    "jquery": {
      "version": "3.6.0",
      "resolved": "https://registry.npmjs.org/jquery/-/jquery-3.6.0.tgz",
      "integrity": "sha512-JVzAR/AjBvVt2BmYhxRCSYysDsPcssdmTFnzyLEts9qNwmjmu4JTAMYubEfwVOSwpQ1I1sKKFcxhZCI2buerfw=="
    }
  }
}
